// !$*UTF8*$!
{
	archiveVersion = 1;
	classes = {
	};
	objectVersion = 55;
	objects = {

/* Begin PBXBuildFile section */
		323998B728B499DB000E7A08 /* ReceipeTabView.swift in Sources */ = {isa = PBXBuildFile; fileRef = 323998B628B499DB000E7A08 /* ReceipeTabView.swift */; };
		3283DF3228BF670300A0306A /* Rational.swift in Sources */ = {isa = PBXBuildFile; fileRef = 3283DF3128BF670300A0306A /* Rational.swift */; };
		3283DF3328BF670300A0306A /* Rational.swift in Sources */ = {isa = PBXBuildFile; fileRef = 3283DF3128BF670300A0306A /* Rational.swift */; };
		3283DF3428BF670300A0306A /* Rational.swift in Sources */ = {isa = PBXBuildFile; fileRef = 3283DF3128BF670300A0306A /* Rational.swift */; };
		3283DF3628C0980A00A0306A /* highlits.swift in Sources */ = {isa = PBXBuildFile; fileRef = 3283DF3528C0980A00A0306A /* highlits.swift */; };
		3283DF3728C0980A00A0306A /* highlits.swift in Sources */ = {isa = PBXBuildFile; fileRef = 3283DF3528C0980A00A0306A /* highlits.swift */; };
		3283DF3828C0980A00A0306A /* highlits.swift in Sources */ = {isa = PBXBuildFile; fileRef = 3283DF3528C0980A00A0306A /* highlits.swift */; };
		32BB1B7E28BA49CC00C75254 /* RecipeFeaturedView.swift in Sources */ = {isa = PBXBuildFile; fileRef = 32BB1B7D28BA49CC00C75254 /* RecipeFeaturedView.swift */; };
		32D7337528AA051D00B6EE99 /* receipe_list_AppModifiel.swift in Sources */ = {isa = PBXBuildFile; fileRef = 32D7337428AA051D00B6EE99 /* receipe_list_AppModifiel.swift */; };
		32D7337728AA051D00B6EE99 /* RecipeListView.swift in Sources */ = {isa = PBXBuildFile; fileRef = 32D7337628AA051D00B6EE99 /* RecipeListView.swift */; };
		32D7337928AA051E00B6EE99 /* Assets.xcassets in Resources */ = {isa = PBXBuildFile; fileRef = 32D7337828AA051E00B6EE99 /* Assets.xcassets */; };
		32D7337C28AA051E00B6EE99 /* Preview Assets.xcassets in Resources */ = {isa = PBXBuildFile; fileRef = 32D7337B28AA051E00B6EE99 /* Preview Assets.xcassets */; };
		32D7338628AA051E00B6EE99 /* receipe_list_AppTests.swift in Sources */ = {isa = PBXBuildFile; fileRef = 32D7338528AA051E00B6EE99 /* receipe_list_AppTests.swift */; };
		32D7339028AA051E00B6EE99 /* receipe_list_AppUITests.swift in Sources */ = {isa = PBXBuildFile; fileRef = 32D7338F28AA051E00B6EE99 /* receipe_list_AppUITests.swift */; };
		32D7339228AA051E00B6EE99 /* receipe_list_AppUITestsLaunchTests.swift in Sources */ = {isa = PBXBuildFile; fileRef = 32D7339128AA051E00B6EE99 /* receipe_list_AppUITestsLaunchTests.swift */; };
		32D733A628AA103400B6EE99 /* recipes.json in Resources */ = {isa = PBXBuildFile; fileRef = 32D733A528AA103400B6EE99 /* recipes.json */; };
		32D733A728AA103400B6EE99 /* recipes.json in Resources */ = {isa = PBXBuildFile; fileRef = 32D733A528AA103400B6EE99 /* recipes.json */; };
		32D733A828AA103400B6EE99 /* recipes.json in Resources */ = {isa = PBXBuildFile; fileRef = 32D733A528AA103400B6EE99 /* recipes.json */; };
		32D733AA28AA108A00B6EE99 /* Receipe.swift in Sources */ = {isa = PBXBuildFile; fileRef = 32D733A928AA108A00B6EE99 /* Receipe.swift */; };
		32D733AB28AA108A00B6EE99 /* Receipe.swift in Sources */ = {isa = PBXBuildFile; fileRef = 32D733A928AA108A00B6EE99 /* Receipe.swift */; };
		32D733AC28AA108A00B6EE99 /* Receipe.swift in Sources */ = {isa = PBXBuildFile; fileRef = 32D733A928AA108A00B6EE99 /* Receipe.swift */; };
		32D733AE28AA125900B6EE99 /* RecipeModel.swift in Sources */ = {isa = PBXBuildFile; fileRef = 32D733AD28AA125900B6EE99 /* RecipeModel.swift */; };
		32D733AF28AA125900B6EE99 /* RecipeModel.swift in Sources */ = {isa = PBXBuildFile; fileRef = 32D733AD28AA125900B6EE99 /* RecipeModel.swift */; };
		32D733B028AA125900B6EE99 /* RecipeModel.swift in Sources */ = {isa = PBXBuildFile; fileRef = 32D733AD28AA125900B6EE99 /* RecipeModel.swift */; };
		32D733B228AB599300B6EE99 /* dataService.swift in Sources */ = {isa = PBXBuildFile; fileRef = 32D733B128AB599300B6EE99 /* dataService.swift */; };
		32D733B328AB599300B6EE99 /* dataService.swift in Sources */ = {isa = PBXBuildFile; fileRef = 32D733B128AB599300B6EE99 /* dataService.swift */; };
		32D733B428AB599300B6EE99 /* dataService.swift in Sources */ = {isa = PBXBuildFile; fileRef = 32D733B128AB599300B6EE99 /* dataService.swift */; };
		32D733B628ADF71400B6EE99 /* Receipe detailView.swift in Sources */ = {isa = PBXBuildFile; fileRef = 32D733B528ADF71400B6EE99 /* Receipe detailView.swift */; };
		32D733B728ADF71400B6EE99 /* Receipe detailView.swift in Sources */ = {isa = PBXBuildFile; fileRef = 32D733B528ADF71400B6EE99 /* Receipe detailView.swift */; };
		32D733B828ADF71400B6EE99 /* Receipe detailView.swift in Sources */ = {isa = PBXBuildFile; fileRef = 32D733B528ADF71400B6EE99 /* Receipe detailView.swift */; };
/* End PBXBuildFile section */

/* Begin PBXContainerItemProxy section */
		32D7338228AA051E00B6EE99 /* PBXContainerItemProxy */ = {
			isa = PBXContainerItemProxy;
			containerPortal = 32D7336928AA051D00B6EE99 /* Project object */;
			proxyType = 1;
			remoteGlobalIDString = 32D7337028AA051D00B6EE99;
			remoteInfo = "receipe list App";
		};
		32D7338C28AA051E00B6EE99 /* PBXContainerItemProxy */ = {
			isa = PBXContainerItemProxy;
			containerPortal = 32D7336928AA051D00B6EE99 /* Project object */;
			proxyType = 1;
			remoteGlobalIDString = 32D7337028AA051D00B6EE99;
			remoteInfo = "receipe list App";
		};
/* End PBXContainerItemProxy section */

/* Begin PBXFileReference section */
		323998B628B499DB000E7A08 /* ReceipeTabView.swift */ = {isa = PBXFileReference; lastKnownFileType = sourcecode.swift; path = ReceipeTabView.swift; sourceTree = "<group>"; };
		3283DF3128BF670300A0306A /* Rational.swift */ = {isa = PBXFileReference; fileEncoding = 4; lastKnownFileType = sourcecode.swift; path = Rational.swift; sourceTree = "<group>"; };
		3283DF3528C0980A00A0306A /* highlits.swift */ = {isa = PBXFileReference; lastKnownFileType = sourcecode.swift; path = highlits.swift; sourceTree = "<group>"; };
		32BB1B7D28BA49CC00C75254 /* RecipeFeaturedView.swift */ = {isa = PBXFileReference; lastKnownFileType = sourcecode.swift; path = RecipeFeaturedView.swift; sourceTree = "<group>"; };
		32D7337128AA051D00B6EE99 /* receipe list App.app */ = {isa = PBXFileReference; explicitFileType = wrapper.application; includeInIndex = 0; path = "receipe list App.app"; sourceTree = BUILT_PRODUCTS_DIR; };
		32D7337428AA051D00B6EE99 /* receipe_list_AppModifiel.swift */ = {isa = PBXFileReference; lastKnownFileType = sourcecode.swift; path = receipe_list_AppModifiel.swift; sourceTree = "<group>"; };
		32D7337628AA051D00B6EE99 /* RecipeListView.swift */ = {isa = PBXFileReference; lastKnownFileType = sourcecode.swift; path = RecipeListView.swift; sourceTree = "<group>"; };
		32D7337828AA051E00B6EE99 /* Assets.xcassets */ = {isa = PBXFileReference; lastKnownFileType = folder.assetcatalog; path = Assets.xcassets; sourceTree = "<group>"; };
		32D7337B28AA051E00B6EE99 /* Preview Assets.xcassets */ = {isa = PBXFileReference; lastKnownFileType = folder.assetcatalog; path = "Preview Assets.xcassets"; sourceTree = "<group>"; };
		32D7338128AA051E00B6EE99 /* receipe list AppTests.xctest */ = {isa = PBXFileReference; explicitFileType = wrapper.cfbundle; includeInIndex = 0; path = "receipe list AppTests.xctest"; sourceTree = BUILT_PRODUCTS_DIR; };
		32D7338528AA051E00B6EE99 /* receipe_list_AppTests.swift */ = {isa = PBXFileReference; lastKnownFileType = sourcecode.swift; path = receipe_list_AppTests.swift; sourceTree = "<group>"; };
		32D7338B28AA051E00B6EE99 /* receipe list AppUITests.xctest */ = {isa = PBXFileReference; explicitFileType = wrapper.cfbundle; includeInIndex = 0; path = "receipe list AppUITests.xctest"; sourceTree = BUILT_PRODUCTS_DIR; };
		32D7338F28AA051E00B6EE99 /* receipe_list_AppUITests.swift */ = {isa = PBXFileReference; lastKnownFileType = sourcecode.swift; path = receipe_list_AppUITests.swift; sourceTree = "<group>"; };
		32D7339128AA051E00B6EE99 /* receipe_list_AppUITestsLaunchTests.swift */ = {isa = PBXFileReference; lastKnownFileType = sourcecode.swift; path = receipe_list_AppUITestsLaunchTests.swift; sourceTree = "<group>"; };
		32D733A528AA103400B6EE99 /* recipes.json */ = {isa = PBXFileReference; fileEncoding = 4; lastKnownFileType = text.json; name = recipes.json; path = "../../../RecipeListApp Resources/recipes.json"; sourceTree = "<group>"; };
		32D733A928AA108A00B6EE99 /* Receipe.swift */ = {isa = PBXFileReference; lastKnownFileType = sourcecode.swift; path = Receipe.swift; sourceTree = "<group>"; };
		32D733AD28AA125900B6EE99 /* RecipeModel.swift */ = {isa = PBXFileReference; lastKnownFileType = sourcecode.swift; path = RecipeModel.swift; sourceTree = "<group>"; };
		32D733B128AB599300B6EE99 /* dataService.swift */ = {isa = PBXFileReference; lastKnownFileType = sourcecode.swift; path = dataService.swift; sourceTree = "<group>"; };
		32D733B528ADF71400B6EE99 /* Receipe detailView.swift */ = {isa = PBXFileReference; lastKnownFileType = sourcecode.swift; path = "Receipe detailView.swift"; sourceTree = "<group>"; };
/* End PBXFileReference section */

/* Begin PBXFrameworksBuildPhase section */
		32D7336E28AA051D00B6EE99 /* Frameworks */ = {
			isa = PBXFrameworksBuildPhase;
			buildActionMask = 2147483647;
			files = (
			);
			runOnlyForDeploymentPostprocessing = 0;
		};
		32D7337E28AA051E00B6EE99 /* Frameworks */ = {
			isa = PBXFrameworksBuildPhase;
			buildActionMask = 2147483647;
			files = (
			);
			runOnlyForDeploymentPostprocessing = 0;
		};
		32D7338828AA051E00B6EE99 /* Frameworks */ = {
			isa = PBXFrameworksBuildPhase;
			buildActionMask = 2147483647;
			files = (
			);
			runOnlyForDeploymentPostprocessing = 0;
		};
/* End PBXFrameworksBuildPhase section */

/* Begin PBXGroup section */
		3283DF3028BF66D800A0306A /* Utilities */ = {
			isa = PBXGroup;
			children = (
				3283DF3128BF670300A0306A /* Rational.swift */,
			);
			path = Utilities;
			sourceTree = "<group>";
		};
		32D7336828AA051D00B6EE99 = {
			isa = PBXGroup;
			children = (
				32D7337328AA051D00B6EE99 /* receipe list App */,
				32D7338428AA051E00B6EE99 /* receipe list AppTests */,
				32D7338E28AA051E00B6EE99 /* receipe list AppUITests */,
				32D7337228AA051D00B6EE99 /* Products */,
			);
			sourceTree = "<group>";
		};
		32D7337228AA051D00B6EE99 /* Products */ = {
			isa = PBXGroup;
			children = (
				32D7337128AA051D00B6EE99 /* receipe list App.app */,
				32D7338128AA051E00B6EE99 /* receipe list AppTests.xctest */,
				32D7338B28AA051E00B6EE99 /* receipe list AppUITests.xctest */,
			);
			name = Products;
			sourceTree = "<group>";
		};
		32D7337328AA051D00B6EE99 /* receipe list App */ = {
			isa = PBXGroup;
			children = (
				32D7337428AA051D00B6EE99 /* receipe_list_AppModifiel.swift */,
				32D7339F28AA054300B6EE99 /* view */,
				32D7339E28AA053D00B6EE99 /* model */,
				32D733A228AA0F8300B6EE99 /* services */,
				32D733A128AA055800B6EE99 /* data */,
				3283DF3028BF66D800A0306A /* Utilities */,
				32D7337828AA051E00B6EE99 /* Assets.xcassets */,
				32D7337A28AA051E00B6EE99 /* Preview Content */,
			);
			path = "receipe list App";
			sourceTree = "<group>";
		};
		32D7337A28AA051E00B6EE99 /* Preview Content */ = {
			isa = PBXGroup;
			children = (
				32D7337B28AA051E00B6EE99 /* Preview Assets.xcassets */,
			);
			path = "Preview Content";
			sourceTree = "<group>";
		};
		32D7338428AA051E00B6EE99 /* receipe list AppTests */ = {
			isa = PBXGroup;
			children = (
				32D7338528AA051E00B6EE99 /* receipe_list_AppTests.swift */,
			);
			path = "receipe list AppTests";
			sourceTree = "<group>";
		};
		32D7338E28AA051E00B6EE99 /* receipe list AppUITests */ = {
			isa = PBXGroup;
			children = (
				32D7338F28AA051E00B6EE99 /* receipe_list_AppUITests.swift */,
				32D7339128AA051E00B6EE99 /* receipe_list_AppUITestsLaunchTests.swift */,
			);
			path = "receipe list AppUITests";
			sourceTree = "<group>";
		};
		32D7339E28AA053D00B6EE99 /* model */ = {
			isa = PBXGroup;
			children = (
				32D733A928AA108A00B6EE99 /* Receipe.swift */,
			);
			path = model;
			sourceTree = "<group>";
		};
		32D7339F28AA054300B6EE99 /* view */ = {
			isa = PBXGroup;
			children = (
				323998B628B499DB000E7A08 /* ReceipeTabView.swift */,
				32BB1B7D28BA49CC00C75254 /* RecipeFeaturedView.swift */,
				32D7337628AA051D00B6EE99 /* RecipeListView.swift */,
				32D733B528ADF71400B6EE99 /* Receipe detailView.swift */,
				3283DF3528C0980A00A0306A /* highlits.swift */,
				32D733A028AA054900B6EE99 /* viewModel */,
			);
			path = view;
			sourceTree = "<group>";
		};
		32D733A028AA054900B6EE99 /* viewModel */ = {
			isa = PBXGroup;
			children = (
				32D733AD28AA125900B6EE99 /* RecipeModel.swift */,
			);
			path = viewModel;
			sourceTree = "<group>";
		};
		32D733A128AA055800B6EE99 /* data */ = {
			isa = PBXGroup;
			children = (
				32D733A528AA103400B6EE99 /* recipes.json */,
			);
			path = data;
			sourceTree = "<group>";
		};
		32D733A228AA0F8300B6EE99 /* services */ = {
			isa = PBXGroup;
			children = (
				32D733B128AB599300B6EE99 /* dataService.swift */,
			);
			path = services;
			sourceTree = "<group>";
		};
/* End PBXGroup section */

/* Begin PBXNativeTarget section */
		32D7337028AA051D00B6EE99 /* receipe list App */ = {
			isa = PBXNativeTarget;
			buildConfigurationList = 32D7339528AA051E00B6EE99 /* Build configuration list for PBXNativeTarget "receipe list App" */;
			buildPhases = (
				32D7336D28AA051D00B6EE99 /* Sources */,
				32D7336E28AA051D00B6EE99 /* Frameworks */,
				32D7336F28AA051D00B6EE99 /* Resources */,
			);
			buildRules = (
			);
			dependencies = (
			);
			name = "receipe list App";
			productName = "receipe list App";
			productReference = 32D7337128AA051D00B6EE99 /* receipe list App.app */;
			productType = "com.apple.product-type.application";
		};
		32D7338028AA051E00B6EE99 /* receipe list AppTests */ = {
			isa = PBXNativeTarget;
			buildConfigurationList = 32D7339828AA051E00B6EE99 /* Build configuration list for PBXNativeTarget "receipe list AppTests" */;
			buildPhases = (
				32D7337D28AA051E00B6EE99 /* Sources */,
				32D7337E28AA051E00B6EE99 /* Frameworks */,
				32D7337F28AA051E00B6EE99 /* Resources */,
			);
			buildRules = (
			);
			dependencies = (
				32D7338328AA051E00B6EE99 /* PBXTargetDependency */,
			);
			name = "receipe list AppTests";
			productName = "receipe list AppTests";
			productReference = 32D7338128AA051E00B6EE99 /* receipe list AppTests.xctest */;
			productType = "com.apple.product-type.bundle.unit-test";
		};
		32D7338A28AA051E00B6EE99 /* receipe list AppUITests */ = {
			isa = PBXNativeTarget;
			buildConfigurationList = 32D7339B28AA051E00B6EE99 /* Build configuration list for PBXNativeTarget "receipe list AppUITests" */;
			buildPhases = (
				32D7338728AA051E00B6EE99 /* Sources */,
				32D7338828AA051E00B6EE99 /* Frameworks */,
				32D7338928AA051E00B6EE99 /* Resources */,
			);
			buildRules = (
			);
			dependencies = (
				32D7338D28AA051E00B6EE99 /* PBXTargetDependency */,
			);
			name = "receipe list AppUITests";
			productName = "receipe list AppUITests";
			productReference = 32D7338B28AA051E00B6EE99 /* receipe list AppUITests.xctest */;
			productType = "com.apple.product-type.bundle.ui-testing";
		};
/* End PBXNativeTarget section */

/* Begin PBXProject section */
		32D7336928AA051D00B6EE99 /* Project object */ = {
			isa = PBXProject;
			attributes = {
				BuildIndependentTargetsInParallel = 1;
				LastSwiftUpdateCheck = 1340;
				LastUpgradeCheck = 1340;
				TargetAttributes = {
					32D7337028AA051D00B6EE99 = {
						CreatedOnToolsVersion = 13.4.1;
					};
					32D7338028AA051E00B6EE99 = {
						CreatedOnToolsVersion = 13.4.1;
						TestTargetID = 32D7337028AA051D00B6EE99;
					};
					32D7338A28AA051E00B6EE99 = {
						CreatedOnToolsVersion = 13.4.1;
						TestTargetID = 32D7337028AA051D00B6EE99;
					};
				};
			};
			buildConfigurationList = 32D7336C28AA051D00B6EE99 /* Build configuration list for PBXProject "receipe list App" */;
			compatibilityVersion = "Xcode 13.0";
			developmentRegion = en;
			hasScannedForEncodings = 0;
			knownRegions = (
				en,
				Base,
			);
			mainGroup = 32D7336828AA051D00B6EE99;
			productRefGroup = 32D7337228AA051D00B6EE99 /* Products */;
			projectDirPath = "";
			projectRoot = "";
			targets = (
				32D7337028AA051D00B6EE99 /* receipe list App */,
				32D7338028AA051E00B6EE99 /* receipe list AppTests */,
				32D7338A28AA051E00B6EE99 /* receipe list AppUITests */,
			);
		};
/* End PBXProject section */

/* Begin PBXResourcesBuildPhase section */
		32D7336F28AA051D00B6EE99 /* Resources */ = {
			isa = PBXResourcesBuildPhase;
			buildActionMask = 2147483647;
			files = (
				32D7337C28AA051E00B6EE99 /* Preview Assets.xcassets in Resources */,
				32D733A628AA103400B6EE99 /* recipes.json in Resources */,
				32D7337928AA051E00B6EE99 /* Assets.xcassets in Resources */,
			);
			runOnlyForDeploymentPostprocessing = 0;
		};
		32D7337F28AA051E00B6EE99 /* Resources */ = {
			isa = PBXResourcesBuildPhase;
			buildActionMask = 2147483647;
			files = (
				32D733A728AA103400B6EE99 /* recipes.json in Resources */,
			);
			runOnlyForDeploymentPostprocessing = 0;
		};
		32D7338928AA051E00B6EE99 /* Resources */ = {
			isa = PBXResourcesBuildPhase;
			buildActionMask = 2147483647;
			files = (
				32D733A828AA103400B6EE99 /* recipes.json in Resources */,
			);
			runOnlyForDeploymentPostprocessing = 0;
		};
/* End PBXResourcesBuildPhase section */

/* Begin PBXSourcesBuildPhase section */
		32D7336D28AA051D00B6EE99 /* Sources */ = {
			isa = PBXSourcesBuildPhase;
			buildActionMask = 2147483647;
			files = (
				32D733B628ADF71400B6EE99 /* Receipe detailView.swift in Sources */,
				32D733AA28AA108A00B6EE99 /* Receipe.swift in Sources */,
				3283DF3228BF670300A0306A /* Rational.swift in Sources */,
				323998B728B499DB000E7A08 /* ReceipeTabView.swift in Sources */,
				32D7337728AA051D00B6EE99 /* RecipeListView.swift in Sources */,
				32D7337528AA051D00B6EE99 /* receipe_list_AppModifiel.swift in Sources */,
				32D733AE28AA125900B6EE99 /* RecipeModel.swift in Sources */,
				3283DF3628C0980A00A0306A /* highlits.swift in Sources */,
				32BB1B7E28BA49CC00C75254 /* RecipeFeaturedView.swift in Sources */,
				32D733B228AB599300B6EE99 /* dataService.swift in Sources */,
			);
			runOnlyForDeploymentPostprocessing = 0;
		};
		32D7337D28AA051E00B6EE99 /* Sources */ = {
			isa = PBXSourcesBuildPhase;
			buildActionMask = 2147483647;
			files = (
				32D733AF28AA125900B6EE99 /* RecipeModel.swift in Sources */,
				32D7338628AA051E00B6EE99 /* receipe_list_AppTests.swift in Sources */,
				32D733AB28AA108A00B6EE99 /* Receipe.swift in Sources */,
				32D733B328AB599300B6EE99 /* dataService.swift in Sources */,
				32D733B728ADF71400B6EE99 /* Receipe detailView.swift in Sources */,
				3283DF3328BF670300A0306A /* Rational.swift in Sources */,
				3283DF3728C0980A00A0306A /* highlits.swift in Sources */,
			);
			runOnlyForDeploymentPostprocessing = 0;
		};
		32D7338728AA051E00B6EE99 /* Sources */ = {
			isa = PBXSourcesBuildPhase;
			buildActionMask = 2147483647;
			files = (
				32D733B828ADF71400B6EE99 /* Receipe detailView.swift in Sources */,
				32D733AC28AA108A00B6EE99 /* Receipe.swift in Sources */,
				32D7339228AA051E00B6EE99 /* receipe_list_AppUITestsLaunchTests.swift in Sources */,
				32D7339028AA051E00B6EE99 /* receipe_list_AppUITests.swift in Sources */,
				32D733B028AA125900B6EE99 /* RecipeModel.swift in Sources */,
				3283DF3828C0980A00A0306A /* highlits.swift in Sources */,
				32D733B428AB599300B6EE99 /* dataService.swift in Sources */,
				3283DF3428BF670300A0306A /* Rational.swift in Sources */,
			);
			runOnlyForDeploymentPostprocessing = 0;
		};
/* End PBXSourcesBuildPhase section */

/* Begin PBXTargetDependency section */
		32D7338328AA051E00B6EE99 /* PBXTargetDependency */ = {
			isa = PBXTargetDependency;
			target = 32D7337028AA051D00B6EE99 /* receipe list App */;
			targetProxy = 32D7338228AA051E00B6EE99 /* PBXContainerItemProxy */;
		};
		32D7338D28AA051E00B6EE99 /* PBXTargetDependency */ = {
			isa = PBXTargetDependency;
			target = 32D7337028AA051D00B6EE99 /* receipe list App */;
			targetProxy = 32D7338C28AA051E00B6EE99 /* PBXContainerItemProxy */;
		};
/* End PBXTargetDependency section */

/* Begin XCBuildConfiguration section */
		32D7339328AA051E00B6EE99 /* Debug */ = {
			isa = XCBuildConfiguration;
			buildSettings = {
				ALWAYS_SEARCH_USER_PATHS = NO;
				CLANG_ANALYZER_NONNULL = YES;
				CLANG_ANALYZER_NUMBER_OBJECT_CONVERSION = YES_AGGRESSIVE;
				CLANG_CXX_LANGUAGE_STANDARD = "gnu++17";
				CLANG_ENABLE_MODULES = YES;
				CLANG_ENABLE_OBJC_ARC = YES;
				CLANG_ENABLE_OBJC_WEAK = YES;
				CLANG_WARN_BLOCK_CAPTURE_AUTORELEASING = YES;
				CLANG_WARN_BOOL_CONVERSION = YES;
				CLANG_WARN_COMMA = YES;
				CLANG_WARN_CONSTANT_CONVERSION = YES;
				CLANG_WARN_DEPRECATED_OBJC_IMPLEMENTATIONS = YES;
				CLANG_WARN_DIRECT_OBJC_ISA_USAGE = YES_ERROR;
				CLANG_WARN_DOCUMENTATION_COMMENTS = YES;
				CLANG_WARN_EMPTY_BODY = YES;
				CLANG_WARN_ENUM_CONVERSION = YES;
				CLANG_WARN_INFINITE_RECURSION = YES;
				CLANG_WARN_INT_CONVERSION = YES;
				CLANG_WARN_NON_LITERAL_NULL_CONVERSION = YES;
				CLANG_WARN_OBJC_IMPLICIT_RETAIN_SELF = YES;
				CLANG_WARN_OBJC_LITERAL_CONVERSION = YES;
				CLANG_WARN_OBJC_ROOT_CLASS = YES_ERROR;
				CLANG_WARN_QUOTED_INCLUDE_IN_FRAMEWORK_HEADER = YES;
				CLANG_WARN_RANGE_LOOP_ANALYSIS = YES;
				CLANG_WARN_STRICT_PROTOTYPES = YES;
				CLANG_WARN_SUSPICIOUS_MOVE = YES;
				CLANG_WARN_UNGUARDED_AVAILABILITY = YES_AGGRESSIVE;
				CLANG_WARN_UNREACHABLE_CODE = YES;
				CLANG_WARN__DUPLICATE_METHOD_MATCH = YES;
				COPY_PHASE_STRIP = NO;
				DEBUG_INFORMATION_FORMAT = dwarf;
				ENABLE_STRICT_OBJC_MSGSEND = YES;
				ENABLE_TESTABILITY = YES;
				GCC_C_LANGUAGE_STANDARD = gnu11;
				GCC_DYNAMIC_NO_PIC = NO;
				GCC_NO_COMMON_BLOCKS = YES;
				GCC_OPTIMIZATION_LEVEL = 0;
				GCC_PREPROCESSOR_DEFINITIONS = (
					"DEBUG=1",
					"$(inherited)",
				);
				GCC_WARN_64_TO_32_BIT_CONVERSION = YES;
				GCC_WARN_ABOUT_RETURN_TYPE = YES_ERROR;
				GCC_WARN_UNDECLARED_SELECTOR = YES;
				GCC_WARN_UNINITIALIZED_AUTOS = YES_AGGRESSIVE;
				GCC_WARN_UNUSED_FUNCTION = YES;
				GCC_WARN_UNUSED_VARIABLE = YES;
				IPHONEOS_DEPLOYMENT_TARGET = 15.5;
				MTL_ENABLE_DEBUG_INFO = INCLUDE_SOURCE;
				MTL_FAST_MATH = YES;
				ONLY_ACTIVE_ARCH = YES;
				SDKROOT = iphoneos;
				SWIFT_ACTIVE_COMPILATION_CONDITIONS = DEBUG;
				SWIFT_OPTIMIZATION_LEVEL = "-Onone";
			};
			name = Debug;
		};
		32D7339428AA051E00B6EE99 /* Release */ = {
			isa = XCBuildConfiguration;
			buildSettings = {
				ALWAYS_SEARCH_USER_PATHS = NO;
				CLANG_ANALYZER_NONNULL = YES;
				CLANG_ANALYZER_NUMBER_OBJECT_CONVERSION = YES_AGGRESSIVE;
				CLANG_CXX_LANGUAGE_STANDARD = "gnu++17";
				CLANG_ENABLE_MODULES = YES;
				CLANG_ENABLE_OBJC_ARC = YES;
				CLANG_ENABLE_OBJC_WEAK = YES;
				CLANG_WARN_BLOCK_CAPTURE_AUTORELEASING = YES;
				CLANG_WARN_BOOL_CONVERSION = YES;
				CLANG_WARN_COMMA = YES;
				CLANG_WARN_CONSTANT_CONVERSION = YES;
				CLANG_WARN_DEPRECATED_OBJC_IMPLEMENTATIONS = YES;
				CLANG_WARN_DIRECT_OBJC_ISA_USAGE = YES_ERROR;
				CLANG_WARN_DOCUMENTATION_COMMENTS = YES;
				CLANG_WARN_EMPTY_BODY = YES;
				CLANG_WARN_ENUM_CONVERSION = YES;
				CLANG_WARN_INFINITE_RECURSION = YES;
				CLANG_WARN_INT_CONVERSION = YES;
				CLANG_WARN_NON_LITERAL_NULL_CONVERSION = YES;
				CLANG_WARN_OBJC_IMPLICIT_RETAIN_SELF = YES;
				CLANG_WARN_OBJC_LITERAL_CONVERSION = YES;
				CLANG_WARN_OBJC_ROOT_CLASS = YES_ERROR;
				CLANG_WARN_QUOTED_INCLUDE_IN_FRAMEWORK_HEADER = YES;
				CLANG_WARN_RANGE_LOOP_ANALYSIS = YES;
				CLANG_WARN_STRICT_PROTOTYPES = YES;
				CLANG_WARN_SUSPICIOUS_MOVE = YES;
				CLANG_WARN_UNGUARDED_AVAILABILITY = YES_AGGRESSIVE;
				CLANG_WARN_UNREACHABLE_CODE = YES;
				CLANG_WARN__DUPLICATE_METHOD_MATCH = YES;
				COPY_PHASE_STRIP = NO;
				DEBUG_INFORMATION_FORMAT = "dwarf-with-dsym";
				ENABLE_NS_ASSERTIONS = NO;
				ENABLE_STRICT_OBJC_MSGSEND = YES;
				GCC_C_LANGUAGE_STANDARD = gnu11;
				GCC_NO_COMMON_BLOCKS = YES;
				GCC_WARN_64_TO_32_BIT_CONVERSION = YES;
				GCC_WARN_ABOUT_RETURN_TYPE = YES_ERROR;
				GCC_WARN_UNDECLARED_SELECTOR = YES;
				GCC_WARN_UNINITIALIZED_AUTOS = YES_AGGRESSIVE;
				GCC_WARN_UNUSED_FUNCTION = YES;
				GCC_WARN_UNUSED_VARIABLE = YES;
				IPHONEOS_DEPLOYMENT_TARGET = 15.5;
				MTL_ENABLE_DEBUG_INFO = NO;
				MTL_FAST_MATH = YES;
				SDKROOT = iphoneos;
				SWIFT_COMPILATION_MODE = wholemodule;
				SWIFT_OPTIMIZATION_LEVEL = "-O";
				VALIDATE_PRODUCT = YES;
			};
			name = Release;
		};
		32D7339628AA051E00B6EE99 /* Debug */ = {
			isa = XCBuildConfiguration;
			buildSettings = {
				ASSETCATALOG_COMPILER_APPICON_NAME = AppIcon;
				ASSETCATALOG_COMPILER_GLOBAL_ACCENT_COLOR_NAME = AccentColor;
				CODE_SIGN_STYLE = Automatic;
				CURRENT_PROJECT_VERSION = 1;
				DEVELOPMENT_ASSET_PATHS = "\"receipe list App/Preview Content\"";
				DEVELOPMENT_TEAM = 7S5KXF68WA;
				ENABLE_PREVIEWS = YES;
				GENERATE_INFOPLIST_FILE = YES;
				INFOPLIST_KEY_UIApplicationSceneManifest_Generation = YES;
				INFOPLIST_KEY_UIApplicationSupportsIndirectInputEvents = YES;
				INFOPLIST_KEY_UILaunchScreen_Generation = YES;
				INFOPLIST_KEY_UISupportedInterfaceOrientations_iPad = "UIInterfaceOrientationPortrait UIInterfaceOrientationPortraitUpsideDown UIInterfaceOrientationLandscapeLeft UIInterfaceOrientationLandscapeRight";
				INFOPLIST_KEY_UISupportedInterfaceOrientations_iPhone = "UIInterfaceOrientationPortrait UIInterfaceOrientationLandscapeLeft UIInterfaceOrientationLandscapeRight";
				LD_RUNPATH_SEARCH_PATHS = (
					"$(inherited)",
					"@executable_path/Frameworks",
				);
				MARKETING_VERSION = 1.0;
				PRODUCT_BUNDLE_IDENTIFIER = "ArthurSh.receipe-list-App";
				PRODUCT_NAME = "$(TARGET_NAME)";
				SWIFT_EMIT_LOC_STRINGS = YES;
				SWIFT_VERSION = 5.0;
				TARGETED_DEVICE_FAMILY = "1,2";
			};
			name = Debug;
		};
		32D7339728AA051E00B6EE99 /* Release */ = {
			isa = XCBuildConfiguration;
			buildSettings = {
				ASSETCATALOG_COMPILER_APPICON_NAME = AppIcon;
				ASSETCATALOG_COMPILER_GLOBAL_ACCENT_COLOR_NAME = AccentColor;
				CODE_SIGN_STYLE = Automatic;
				CURRENT_PROJECT_VERSION = 1;
				DEVELOPMENT_ASSET_PATHS = "\"receipe list App/Preview Content\"";
				DEVELOPMENT_TEAM = 7S5KXF68WA;
				ENABLE_PREVIEWS = YES;
				GENERATE_INFOPLIST_FILE = YES;
				INFOPLIST_KEY_UIApplicationSceneManifest_Generation = YES;
				INFOPLIST_KEY_UIApplicationSupportsIndirectInputEvents = YES;
				INFOPLIST_KEY_UILaunchScreen_Generation = YES;
				INFOPLIST_KEY_UISupportedInterfaceOrientations_iPad = "UIInterfaceOrientationPortrait UIInterfaceOrientationPortraitUpsideDown UIInterfaceOrientationLandscapeLeft UIInterfaceOrientationLandscapeRight";
				INFOPLIST_KEY_UISupportedInterfaceOrientations_iPhone = "UIInterfaceOrientationPortrait UIInterfaceOrientationLandscapeLeft UIInterfaceOrientationLandscapeRight";
				LD_RUNPATH_SEARCH_PATHS = (
					"$(inherited)",
					"@executable_path/Frameworks",
				);
				MARKETING_VERSION = 1.0;
				PRODUCT_BUNDLE_IDENTIFIER = "ArthurSh.receipe-list-App";
				PRODUCT_NAME = "$(TARGET_NAME)";
				SWIFT_EMIT_LOC_STRINGS = YES;
				SWIFT_VERSION = 5.0;
				TARGETED_DEVICE_FAMILY = "1,2";
			};
			name = Release;
		};
		32D7339928AA051E00B6EE99 /* Debug */ = {
			isa = XCBuildConfiguration;
			buildSettings = {
				ALWAYS_EMBED_SWIFT_STANDARD_LIBRARIES = YES;
				BUNDLE_LOADER = "$(TEST_HOST)";
				CODE_SIGN_STYLE = Automatic;
				CURRENT_PROJECT_VERSION = 1;
				DEVELOPMENT_TEAM = 7S5KXF68WA;
				GENERATE_INFOPLIST_FILE = YES;
				IPHONEOS_DEPLOYMENT_TARGET = 15.5;
				MARKETING_VERSION = 1.0;
				PRODUCT_BUNDLE_IDENTIFIER = "ArthurSh.receipe-list-AppTests";
				PRODUCT_NAME = "$(TARGET_NAME)";
				SWIFT_EMIT_LOC_STRINGS = NO;
				SWIFT_VERSION = 5.0;
				TARGETED_DEVICE_FAMILY = "1,2";
				TEST_HOST = "$(BUILT_PRODUCTS_DIR)/receipe list App.app/receipe list App";
			};
			name = Debug;
		};
		32D7339A28AA051E00B6EE99 /* Release */ = {
			isa = XCBuildConfiguration;
			buildSettings = {
				ALWAYS_EMBED_SWIFT_STANDARD_LIBRARIES = YES;
				BUNDLE_LOADER = "$(TEST_HOST)";
				CODE_SIGN_STYLE = Automatic;
				CURRENT_PROJECT_VERSION = 1;
				DEVELOPMENT_TEAM = 7S5KXF68WA;
				GENERATE_INFOPLIST_FILE = YES;
				IPHONEOS_DEPLOYMENT_TARGET = 15.5;
				MARKETING_VERSION = 1.0;
				PRODUCT_BUNDLE_IDENTIFIER = "ArthurSh.receipe-list-AppTests";
				PRODUCT_NAME = "$(TARGET_NAME)";
				SWIFT_EMIT_LOC_STRINGS = NO;
				SWIFT_VERSION = 5.0;
				TARGETED_DEVICE_FAMILY = "1,2";
				TEST_HOST = "$(BUILT_PRODUCTS_DIR)/receipe list App.app/receipe list App";
			};
			name = Release;
		};
		32D7339C28AA051E00B6EE99 /* Debug */ = {
			isa = XCBuildConfiguration;
			buildSettings = {
				ALWAYS_EMBED_SWIFT_STANDARD_LIBRARIES = YES;
				CODE_SIGN_STYLE = Automatic;
				CURRENT_PROJECT_VERSION = 1;
				DEVELOPMENT_TEAM = 7S5KXF68WA;
				GENERATE_INFOPLIST_FILE = YES;
				MARKETING_VERSION = 1.0;
				PRODUCT_BUNDLE_IDENTIFIER = "ArthurSh.receipe-list-AppUITests";
				PRODUCT_NAME = "$(TARGET_NAME)";
				SWIFT_EMIT_LOC_STRINGS = NO;
				SWIFT_VERSION = 5.0;
				TARGETED_DEVICE_FAMILY = "1,2";
				TEST_TARGET_NAME = "receipe list App";
			};
			name = Debug;
		};
		32D7339D28AA051E00B6EE99 /* Release */ = {
			isa = XCBuildConfiguration;
			buildSettings = {
				ALWAYS_EMBED_SWIFT_STANDARD_LIBRARIES = YES;
				CODE_SIGN_STYLE = Automatic;
				CURRENT_PROJECT_VERSION = 1;
				DEVELOPMENT_TEAM = 7S5KXF68WA;
				GENERATE_INFOPLIST_FILE = YES;
				MARKETING_VERSION = 1.0;
				PRODUCT_BUNDLE_IDENTIFIER = "ArthurSh.receipe-list-AppUITests";
				PRODUCT_NAME = "$(TARGET_NAME)";
				SWIFT_EMIT_LOC_STRINGS = NO;
				SWIFT_VERSION = 5.0;
				TARGETED_DEVICE_FAMILY = "1,2";
				TEST_TARGET_NAME = "receipe list App";
			};
			name = Release;
		};
/* End XCBuildConfiguration section */

/* Begin XCConfigurationList section */
		32D7336C28AA051D00B6EE99 /* Build configuration list for PBXProject "receipe list App" */ = {
			isa = XCConfigurationList;
			buildConfigurations = (
				32D7339328AA051E00B6EE99 /* Debug */,
				32D7339428AA051E00B6EE99 /* Release */,
			);
			defaultConfigurationIsVisible = 0;
			defaultConfigurationName = Release;
		};
		32D7339528AA051E00B6EE99 /* Build configuration list for PBXNativeTarget "receipe list App" */ = {
			isa = XCConfigurationList;
			buildConfigurations = (
				32D7339628AA051E00B6EE99 /* Debug */,
				32D7339728AA051E00B6EE99 /* Release */,
			);
			defaultConfigurationIsVisible = 0;
			defaultConfigurationName = Release;
		};
		32D7339828AA051E00B6EE99 /* Build configuration list for PBXNativeTarget "receipe list AppTests" */ = {
			isa = XCConfigurationList;
			buildConfigurations = (
				32D7339928AA051E00B6EE99 /* Debug */,
				32D7339A28AA051E00B6EE99 /* Release */,
			);
			defaultConfigurationIsVisible = 0;
			defaultConfigurationName = Release;
		};
		32D7339B28AA051E00B6EE99 /* Build configuration list for PBXNativeTarget "receipe list AppUITests" */ = {
			isa = XCConfigurationList;
			buildConfigurations = (
				32D7339C28AA051E00B6EE99 /* Debug */,
				32D7339D28AA051E00B6EE99 /* Release */,
			);
			defaultConfigurationIsVisible = 0;
			defaultConfigurationName = Release;
		};
/* End XCConfigurationList section */
	};
	rootObject = 32D7336928AA051D00B6EE99 /* Project object */;
}
